
Microsoft Visual Studio Solution File, Format Version 12.00
# Visual Studio Version 17
VisualStudioVersion = 17.11.35222.181
MinimumVisualStudioVersion = 10.0.40219.1
Project("{FAE04EC0-301F-11D3-BF4B-00C04F79EFBC}") = "sprawdzian", "sprawdzian\sprawdzian.csproj", "{AB835ACE-6E0F-4EDE-BBD3-47D60F7BBFFC}"
EndProject
Global
	GlobalSection(SolutionConfigurationPlatforms) = preSolution
		Debug|Any CPU = Debug|Any CPU
		Release|Any CPU = Release|Any CPU
	EndGlobalSection
	GlobalSection(ProjectConfigurationPlatforms) = postSolution
		{AB835ACE-6E0F-4EDE-BBD3-47D60F7BBFFC}.Debug|Any CPU.ActiveCfg = Debug|Any CPU
		{AB835ACE-6E0F-4EDE-BBD3-47D60F7BBFFC}.Debug|Any CPU.Build.0 = Debug|Any CPU
		{AB835ACE-6E0F-4EDE-BBD3-47D60F7BBFFC}.Release|Any CPU.ActiveCfg = Release|Any CPU
		{AB835ACE-6E0F-4EDE-BBD3-47D60F7BBFFC}.Release|Any CPU.Build.0 = Release|Any CPU
	EndGlobalSection
	GlobalSection(SolutionProperties) = preSolution
		HideSolutionNode = FALSE
	EndGlobalSection
	GlobalSection(ExtensibilityGlobals) = postSolution
		SolutionGuid = {644AC9AC-1571-4405-9F5F-C085923B1D58}
	EndGlobalSection
EndGlobal
